// !$*UTF8*$!
{
	archiveVersion = 1;
	classes = {
	};
	objectVersion = 55;
	objects = {

/* Begin PBXBuildFile section */
		9515300FC14A62C1981C6A0A /* Pods_YOUP.framework in Frameworks */ = {isa = PBXBuildFile; fileRef = C3B089C514F9F38D2C0F8562 /* Pods_YOUP.framework */; };
		C638466527048285005404A1 /* AppDelegate.swift in Sources */ = {isa = PBXBuildFile; fileRef = C638466427048285005404A1 /* AppDelegate.swift */; };
		C638466727048285005404A1 /* SceneDelegate.swift in Sources */ = {isa = PBXBuildFile; fileRef = C638466627048285005404A1 /* SceneDelegate.swift */; };
		C638466927048285005404A1 /* LoginViewConroller.swift in Sources */ = {isa = PBXBuildFile; fileRef = C638466827048285005404A1 /* LoginViewConroller.swift */; };
		C638466C27048285005404A1 /* Main.storyboard in Resources */ = {isa = PBXBuildFile; fileRef = C638466A27048285005404A1 /* Main.storyboard */; };
		C638466E27048286005404A1 /* Assets.xcassets in Resources */ = {isa = PBXBuildFile; fileRef = C638466D27048286005404A1 /* Assets.xcassets */; };
		C638467127048286005404A1 /* LaunchScreen.storyboard in Resources */ = {isa = PBXBuildFile; fileRef = C638466F27048286005404A1 /* LaunchScreen.storyboard */; };
		C638467F2704E262005404A1 /* SignUpViewController.swift in Sources */ = {isa = PBXBuildFile; fileRef = C638467E2704E262005404A1 /* SignUpViewController.swift */; };
		C6452C26273D753900B6AB2A /* GoogleService-Info.plist in Resources */ = {isa = PBXBuildFile; fileRef = C6452C25273D753900B6AB2A /* GoogleService-Info.plist */; };
		C66424FB27117EFB0006EC7B /* User.swift in Sources */ = {isa = PBXBuildFile; fileRef = C66424FA27117EFB0006EC7B /* User.swift */; };
		C66424FD2711808B0006EC7B /* Comment.swift in Sources */ = {isa = PBXBuildFile; fileRef = C66424FC2711808B0006EC7B /* Comment.swift */; };
		C66424FF271188730006EC7B /* HomeViewController.swift in Sources */ = {isa = PBXBuildFile; fileRef = C66424FE271188730006EC7B /* HomeViewController.swift */; };
		C670D270271D863B006C5890 /* CommentCreatingViewController.swift in Sources */ = {isa = PBXBuildFile; fileRef = C670D26F271D863B006C5890 /* CommentCreatingViewController.swift */; };
		C68FCFF4273EC0F300C72473 /* UsersListViewController.swift in Sources */ = {isa = PBXBuildFile; fileRef = C68FCFF3273EC0F300C72473 /* UsersListViewController.swift */; };
		C6AB315C2715CA080037F7E3 /* DataManager.swift in Sources */ = {isa = PBXBuildFile; fileRef = C6AB315B2715CA080037F7E3 /* DataManager.swift */; };
		C6AB3165271876070037F7E3 /* SettingsViewController.swift in Sources */ = {isa = PBXBuildFile; fileRef = C6AB3164271876070037F7E3 /* SettingsViewController.swift */; };
		C6CBD24A27441B2D001999B6 /* UserTableViewCell.swift in Sources */ = {isa = PBXBuildFile; fileRef = C6CBD24927441B2D001999B6 /* UserTableViewCell.swift */; };
		C6CF4E8F27187FCD00A21EBD /* UserProfileViewController.swift in Sources */ = {isa = PBXBuildFile; fileRef = C6CF4E8E27187FCD00A21EBD /* UserProfileViewController.swift */; };
/* End PBXBuildFile section */

/* Begin PBXFileReference section */
		BADD7C3AADD44E596E01AFF8 /* Pods-YOUP.debug.xcconfig */ = {isa = PBXFileReference; includeInIndex = 1; lastKnownFileType = text.xcconfig; name = "Pods-YOUP.debug.xcconfig"; path = "Target Support Files/Pods-YOUP/Pods-YOUP.debug.xcconfig"; sourceTree = "<group>"; };
		C3B089C514F9F38D2C0F8562 /* Pods_YOUP.framework */ = {isa = PBXFileReference; explicitFileType = wrapper.framework; includeInIndex = 0; path = Pods_YOUP.framework; sourceTree = BUILT_PRODUCTS_DIR; };
		C638466127048285005404A1 /* YOUP.app */ = {isa = PBXFileReference; explicitFileType = wrapper.application; includeInIndex = 0; path = YOUP.app; sourceTree = BUILT_PRODUCTS_DIR; };
		C638466427048285005404A1 /* AppDelegate.swift */ = {isa = PBXFileReference; lastKnownFileType = sourcecode.swift; path = AppDelegate.swift; sourceTree = "<group>"; };
		C638466627048285005404A1 /* SceneDelegate.swift */ = {isa = PBXFileReference; lastKnownFileType = sourcecode.swift; path = SceneDelegate.swift; sourceTree = "<group>"; };
		C638466827048285005404A1 /* LoginViewConroller.swift */ = {isa = PBXFileReference; lastKnownFileType = sourcecode.swift; path = LoginViewConroller.swift; sourceTree = "<group>"; };
		C638466B27048285005404A1 /* Base */ = {isa = PBXFileReference; lastKnownFileType = file.storyboard; name = Base; path = Base.lproj/Main.storyboard; sourceTree = "<group>"; };
		C638466D27048286005404A1 /* Assets.xcassets */ = {isa = PBXFileReference; lastKnownFileType = folder.assetcatalog; path = Assets.xcassets; sourceTree = "<group>"; };
		C638467027048286005404A1 /* Base */ = {isa = PBXFileReference; lastKnownFileType = file.storyboard; name = Base; path = Base.lproj/LaunchScreen.storyboard; sourceTree = "<group>"; };
		C638467227048286005404A1 /* Info.plist */ = {isa = PBXFileReference; lastKnownFileType = text.plist.xml; path = Info.plist; sourceTree = "<group>"; };
		C638467E2704E262005404A1 /* SignUpViewController.swift */ = {isa = PBXFileReference; lastKnownFileType = sourcecode.swift; path = SignUpViewController.swift; sourceTree = "<group>"; };
		C6452C25273D753900B6AB2A /* GoogleService-Info.plist */ = {isa = PBXFileReference; fileEncoding = 4; lastKnownFileType = text.plist.xml; path = "GoogleService-Info.plist"; sourceTree = "<group>"; };
		C66424FA27117EFB0006EC7B /* User.swift */ = {isa = PBXFileReference; lastKnownFileType = sourcecode.swift; path = User.swift; sourceTree = "<group>"; };
		C66424FC2711808B0006EC7B /* Comment.swift */ = {isa = PBXFileReference; lastKnownFileType = sourcecode.swift; path = Comment.swift; sourceTree = "<group>"; };
		C66424FE271188730006EC7B /* HomeViewController.swift */ = {isa = PBXFileReference; lastKnownFileType = sourcecode.swift; path = HomeViewController.swift; sourceTree = "<group>"; };
		C670D26F271D863B006C5890 /* CommentCreatingViewController.swift */ = {isa = PBXFileReference; lastKnownFileType = sourcecode.swift; path = CommentCreatingViewController.swift; sourceTree = "<group>"; };
		C68FCFF3273EC0F300C72473 /* UsersListViewController.swift */ = {isa = PBXFileReference; lastKnownFileType = sourcecode.swift; path = UsersListViewController.swift; sourceTree = "<group>"; };
		C6AB315B2715CA080037F7E3 /* DataManager.swift */ = {isa = PBXFileReference; lastKnownFileType = sourcecode.swift; path = DataManager.swift; sourceTree = "<group>"; };
		C6AB3164271876070037F7E3 /* SettingsViewController.swift */ = {isa = PBXFileReference; lastKnownFileType = sourcecode.swift; name = SettingsViewController.swift; path = YOUP/ViewController/UserProfile/SettingsViewController.swift; sourceTree = SOURCE_ROOT; };
		C6CBD24927441B2D001999B6 /* UserTableViewCell.swift */ = {isa = PBXFileReference; lastKnownFileType = sourcecode.swift; path = UserTableViewCell.swift; sourceTree = "<group>"; };
		C6CF4E8E27187FCD00A21EBD /* UserProfileViewController.swift */ = {isa = PBXFileReference; lastKnownFileType = sourcecode.swift; path = UserProfileViewController.swift; sourceTree = "<group>"; };
		FF1667452855E6933C30C4A7 /* Pods-YOUP.release.xcconfig */ = {isa = PBXFileReference; includeInIndex = 1; lastKnownFileType = text.xcconfig; name = "Pods-YOUP.release.xcconfig"; path = "Target Support Files/Pods-YOUP/Pods-YOUP.release.xcconfig"; sourceTree = "<group>"; };
/* End PBXFileReference section */

/* Begin PBXFrameworksBuildPhase section */
		C638465E27048285005404A1 /* Frameworks */ = {
			isa = PBXFrameworksBuildPhase;
			buildActionMask = 2147483647;
			files = (
				9515300FC14A62C1981C6A0A /* Pods_YOUP.framework in Frameworks */,
			);
			runOnlyForDeploymentPostprocessing = 0;
		};
/* End PBXFrameworksBuildPhase section */

/* Begin PBXGroup section */
		838D2B90C065C894FA468C22 /* Frameworks */ = {
			isa = PBXGroup;
			children = (
				C3B089C514F9F38D2C0F8562 /* Pods_YOUP.framework */,
			);
			name = Frameworks;
			sourceTree = "<group>";
		};
		AE38B1859EAFCFC31B95EE1E /* Pods */ = {
			isa = PBXGroup;
			children = (
				BADD7C3AADD44E596E01AFF8 /* Pods-YOUP.debug.xcconfig */,
				FF1667452855E6933C30C4A7 /* Pods-YOUP.release.xcconfig */,
			);
			path = Pods;
			sourceTree = "<group>";
		};
		C638465827048285005404A1 = {
			isa = PBXGroup;
			children = (
				C638466327048285005404A1 /* YOUP */,
				C638466227048285005404A1 /* Products */,
				AE38B1859EAFCFC31B95EE1E /* Pods */,
				838D2B90C065C894FA468C22 /* Frameworks */,
			);
			sourceTree = "<group>";
		};
		C638466227048285005404A1 /* Products */ = {
			isa = PBXGroup;
			children = (
				C638466127048285005404A1 /* YOUP.app */,
			);
			name = Products;
			sourceTree = "<group>";
		};
		C638466327048285005404A1 /* YOUP */ = {
			isa = PBXGroup;
			children = (
				C6AB31592715C6590037F7E3 /* ViewController */,
				C6AB31572715C6300037F7E3 /* Model */,
				C6AB31582715C63F0037F7E3 /* Storyboard */,
				C638467227048286005404A1 /* Info.plist */,
				C6452C25273D753900B6AB2A /* GoogleService-Info.plist */,
				C6AB315A2715C66F0037F7E3 /* SupportingFiles */,
				C6AB315D2715CA190037F7E3 /* Service */,
			);
			path = YOUP;
			sourceTree = "<group>";
		};
		C68BE50A2729B91E009742DC /* Sign */ = {
			isa = PBXGroup;
			children = (
				C638466827048285005404A1 /* LoginViewConroller.swift */,
				C638467E2704E262005404A1 /* SignUpViewController.swift */,
			);
			path = Sign;
			sourceTree = "<group>";
		};
		C68BE50B2729B93A009742DC /* UserProfile */ = {
			isa = PBXGroup;
			children = (
				C66424FE271188730006EC7B /* HomeViewController.swift */,
				C6AB3164271876070037F7E3 /* SettingsViewController.swift */,
			);
			path = UserProfile;
			sourceTree = "<group>";
		};
		C68BE50C2729B961009742DC /* OtherUsers */ = {
			isa = PBXGroup;
			children = (
				C6CF4E8E27187FCD00A21EBD /* UserProfileViewController.swift */,
				C670D26F271D863B006C5890 /* CommentCreatingViewController.swift */,
				C68FCFF3273EC0F300C72473 /* UsersListViewController.swift */,
				C6CBD24927441B2D001999B6 /* UserTableViewCell.swift */,
			);
			path = OtherUsers;
			sourceTree = "<group>";
		};
		C6AB31572715C6300037F7E3 /* Model */ = {
			isa = PBXGroup;
			children = (
				C66424FA27117EFB0006EC7B /* User.swift */,
				C66424FC2711808B0006EC7B /* Comment.swift */,
			);
			path = Model;
			sourceTree = "<group>";
		};
		C6AB31582715C63F0037F7E3 /* Storyboard */ = {
			isa = PBXGroup;
			children = (
				C638466A27048285005404A1 /* Main.storyboard */,
				C638466F27048286005404A1 /* LaunchScreen.storyboard */,
			);
			path = Storyboard;
			sourceTree = "<group>";
		};
		C6AB31592715C6590037F7E3 /* ViewController */ = {
			isa = PBXGroup;
			children = (
				C68BE50C2729B961009742DC /* OtherUsers */,
				C68BE50B2729B93A009742DC /* UserProfile */,
				C68BE50A2729B91E009742DC /* Sign */,
			);
			path = ViewController;
			sourceTree = "<group>";
		};
		C6AB315A2715C66F0037F7E3 /* SupportingFiles */ = {
			isa = PBXGroup;
			children = (
				C638466427048285005404A1 /* AppDelegate.swift */,
				C638466627048285005404A1 /* SceneDelegate.swift */,
				C638466D27048286005404A1 /* Assets.xcassets */,
			);
			path = SupportingFiles;
			sourceTree = "<group>";
		};
		C6AB315D2715CA190037F7E3 /* Service */ = {
			isa = PBXGroup;
			children = (
				C6AB315B2715CA080037F7E3 /* DataManager.swift */,
			);
			path = Service;
			sourceTree = "<group>";
		};
/* End PBXGroup section */

/* Begin PBXNativeTarget section */
		C638466027048285005404A1 /* YOUP */ = {
			isa = PBXNativeTarget;
			buildConfigurationList = C638467527048286005404A1 /* Build configuration list for PBXNativeTarget "YOUP" */;
			buildPhases = (
				DAE18381A35D50F6555861B7 /* [CP] Check Pods Manifest.lock */,
				C638465D27048285005404A1 /* Sources */,
				C638465E27048285005404A1 /* Frameworks */,
				C638465F27048285005404A1 /* Resources */,
				DF97ACD36F4DC5B89FD04EC7 /* [CP] Embed Pods Frameworks */,
			);
			buildRules = (
			);
			dependencies = (
			);
			name = YOUP;
			productName = YOUP;
			productReference = C638466127048285005404A1 /* YOUP.app */;
			productType = "com.apple.product-type.application";
		};
/* End PBXNativeTarget section */

/* Begin PBXProject section */
		C638465927048285005404A1 /* Project object */ = {
			isa = PBXProject;
			attributes = {
				BuildIndependentTargetsInParallel = 1;
				LastSwiftUpdateCheck = 1300;
				LastUpgradeCheck = 1300;
				TargetAttributes = {
					C638466027048285005404A1 = {
						CreatedOnToolsVersion = 13.0;
					};
				};
			};
			buildConfigurationList = C638465C27048285005404A1 /* Build configuration list for PBXProject "YOUP" */;
			compatibilityVersion = "Xcode 13.0";
			developmentRegion = en;
			hasScannedForEncodings = 0;
			knownRegions = (
				en,
				Base,
			);
			mainGroup = C638465827048285005404A1;
			productRefGroup = C638466227048285005404A1 /* Products */;
			projectDirPath = "";
			projectRoot = "";
			targets = (
				C638466027048285005404A1 /* YOUP */,
			);
		};
/* End PBXProject section */

/* Begin PBXResourcesBuildPhase section */
		C638465F27048285005404A1 /* Resources */ = {
			isa = PBXResourcesBuildPhase;
			buildActionMask = 2147483647;
			files = (
				C638467127048286005404A1 /* LaunchScreen.storyboard in Resources */,
				C638466E27048286005404A1 /* Assets.xcassets in Resources */,
				C6452C26273D753900B6AB2A /* GoogleService-Info.plist in Resources */,
				C638466C27048285005404A1 /* Main.storyboard in Resources */,
			);
			runOnlyForDeploymentPostprocessing = 0;
		};
/* End PBXResourcesBuildPhase section */

/* Begin PBXShellScriptBuildPhase section */
		DAE18381A35D50F6555861B7 /* [CP] Check Pods Manifest.lock */ = {
			isa = PBXShellScriptBuildPhase;
			buildActionMask = 2147483647;
			files = (
			);
			inputFileListPaths = (
			);
			inputPaths = (
				"${PODS_PODFILE_DIR_PATH}/Podfile.lock",
				"${PODS_ROOT}/Manifest.lock",
			);
			name = "[CP] Check Pods Manifest.lock";
			outputFileListPaths = (
			);
			outputPaths = (
				"$(DERIVED_FILE_DIR)/Pods-YOUP-checkManifestLockResult.txt",
			);
			runOnlyForDeploymentPostprocessing = 0;
			shellPath = /bin/sh;
			shellScript = "diff \"${PODS_PODFILE_DIR_PATH}/Podfile.lock\" \"${PODS_ROOT}/Manifest.lock\" > /dev/null\nif [ $? != 0 ] ; then\n    # print error to STDERR\n    echo \"error: The sandbox is not in sync with the Podfile.lock. Run 'pod install' or update your CocoaPods installation.\" >&2\n    exit 1\nfi\n# This output is used by Xcode 'outputs' to avoid re-running this script phase.\necho \"SUCCESS\" > \"${SCRIPT_OUTPUT_FILE_0}\"\n";
			showEnvVarsInLog = 0;
		};
		DF97ACD36F4DC5B89FD04EC7 /* [CP] Embed Pods Frameworks */ = {
			isa = PBXShellScriptBuildPhase;
			buildActionMask = 2147483647;
			files = (
			);
			inputFileListPaths = (
				"${PODS_ROOT}/Target Support Files/Pods-YOUP/Pods-YOUP-frameworks-${CONFIGURATION}-input-files.xcfilelist",
			);
			name = "[CP] Embed Pods Frameworks";
			outputFileListPaths = (
				"${PODS_ROOT}/Target Support Files/Pods-YOUP/Pods-YOUP-frameworks-${CONFIGURATION}-output-files.xcfilelist",
			);
			runOnlyForDeploymentPostprocessing = 0;
			shellPath = /bin/sh;
			shellScript = "\"${PODS_ROOT}/Target Support Files/Pods-YOUP/Pods-YOUP-frameworks.sh\"\n";
			showEnvVarsInLog = 0;
		};
/* End PBXShellScriptBuildPhase section */

/* Begin PBXSourcesBuildPhase section */
		C638465D27048285005404A1 /* Sources */ = {
			isa = PBXSourcesBuildPhase;
			buildActionMask = 2147483647;
			files = (
				C638466927048285005404A1 /* LoginViewConroller.swift in Sources */,
				C6CF4E8F27187FCD00A21EBD /* UserProfileViewController.swift in Sources */,
				C638466527048285005404A1 /* AppDelegate.swift in Sources */,
				C6AB3165271876070037F7E3 /* SettingsViewController.swift in Sources */,
				C6CBD24A27441B2D001999B6 /* UserTableViewCell.swift in Sources */,
				C66424FB27117EFB0006EC7B /* User.swift in Sources */,
				C68FCFF4273EC0F300C72473 /* UsersListViewController.swift in Sources */,
				C66424FD2711808B0006EC7B /* Comment.swift in Sources */,
				C638467F2704E262005404A1 /* SignUpViewController.swift in Sources */,
				C66424FF271188730006EC7B /* HomeViewController.swift in Sources */,
				C6AB315C2715CA080037F7E3 /* DataManager.swift in Sources */,
				C638466727048285005404A1 /* SceneDelegate.swift in Sources */,
				C670D270271D863B006C5890 /* CommentCreatingViewController.swift in Sources */,
			);
			runOnlyForDeploymentPostprocessing = 0;
		};
/* End PBXSourcesBuildPhase section */

/* Begin PBXVariantGroup section */
		C638466A27048285005404A1 /* Main.storyboard */ = {
			isa = PBXVariantGroup;
			children = (
				C638466B27048285005404A1 /* Base */,
			);
			name = Main.storyboard;
			sourceTree = "<group>";
		};
		C638466F27048286005404A1 /* LaunchScreen.storyboard */ = {
			isa = PBXVariantGroup;
			children = (
				C638467027048286005404A1 /* Base */,
			);
			name = LaunchScreen.storyboard;
			sourceTree = "<group>";
		};
/* End PBXVariantGroup section */

/* Begin XCBuildConfiguration section */
		C638467327048286005404A1 /* Debug */ = {
			isa = XCBuildConfiguration;
			buildSettings = {
				ALWAYS_SEARCH_USER_PATHS = NO;
				CLANG_ANALYZER_NONNULL = YES;
				CLANG_ANALYZER_NUMBER_OBJECT_CONVERSION = YES_AGGRESSIVE;
				CLANG_CXX_LANGUAGE_STANDARD = "gnu++17";
				CLANG_CXX_LIBRARY = "libc++";
				CLANG_ENABLE_MODULES = YES;
				CLANG_ENABLE_OBJC_ARC = YES;
				CLANG_ENABLE_OBJC_WEAK = YES;
				CLANG_WARN_BLOCK_CAPTURE_AUTORELEASING = YES;
				CLANG_WARN_BOOL_CONVERSION = YES;
				CLANG_WARN_COMMA = YES;
				CLANG_WARN_CONSTANT_CONVERSION = YES;
				CLANG_WARN_DEPRECATED_OBJC_IMPLEMENTATIONS = YES;
				CLANG_WARN_DIRECT_OBJC_ISA_USAGE = YES_ERROR;
				CLANG_WARN_DOCUMENTATION_COMMENTS = YES;
				CLANG_WARN_EMPTY_BODY = YES;
				CLANG_WARN_ENUM_CONVERSION = YES;
				CLANG_WARN_INFINITE_RECURSION = YES;
				CLANG_WARN_INT_CONVERSION = YES;
				CLANG_WARN_NON_LITERAL_NULL_CONVERSION = YES;
				CLANG_WARN_OBJC_IMPLICIT_RETAIN_SELF = YES;
				CLANG_WARN_OBJC_LITERAL_CONVERSION = YES;
				CLANG_WARN_OBJC_ROOT_CLASS = YES_ERROR;
				CLANG_WARN_QUOTED_INCLUDE_IN_FRAMEWORK_HEADER = YES;
				CLANG_WARN_RANGE_LOOP_ANALYSIS = YES;
				CLANG_WARN_STRICT_PROTOTYPES = YES;
				CLANG_WARN_SUSPICIOUS_MOVE = YES;
				CLANG_WARN_UNGUARDED_AVAILABILITY = YES_AGGRESSIVE;
				CLANG_WARN_UNREACHABLE_CODE = YES;
				CLANG_WARN__DUPLICATE_METHOD_MATCH = YES;
				COPY_PHASE_STRIP = NO;
				DEBUG_INFORMATION_FORMAT = dwarf;
				ENABLE_STRICT_OBJC_MSGSEND = YES;
				ENABLE_TESTABILITY = YES;
				GCC_C_LANGUAGE_STANDARD = gnu11;
				GCC_DYNAMIC_NO_PIC = NO;
				GCC_NO_COMMON_BLOCKS = YES;
				GCC_OPTIMIZATION_LEVEL = 0;
				GCC_PREPROCESSOR_DEFINITIONS = (
					"DEBUG=1",
					"$(inherited)",
				);
				GCC_WARN_64_TO_32_BIT_CONVERSION = YES;
				GCC_WARN_ABOUT_RETURN_TYPE = YES_ERROR;
				GCC_WARN_UNDECLARED_SELECTOR = YES;
				GCC_WARN_UNINITIALIZED_AUTOS = YES_AGGRESSIVE;
				GCC_WARN_UNUSED_FUNCTION = YES;
				GCC_WARN_UNUSED_VARIABLE = YES;
				IPHONEOS_DEPLOYMENT_TARGET = 15.0;
				MTL_ENABLE_DEBUG_INFO = INCLUDE_SOURCE;
				MTL_FAST_MATH = YES;
				ONLY_ACTIVE_ARCH = YES;
				SDKROOT = iphoneos;
				SWIFT_ACTIVE_COMPILATION_CONDITIONS = DEBUG;
				SWIFT_OPTIMIZATION_LEVEL = "-Onone";
			};
			name = Debug;
		};
		C638467427048286005404A1 /* Release */ = {
			isa = XCBuildConfiguration;
			buildSettings = {
				ALWAYS_SEARCH_USER_PATHS = NO;
				CLANG_ANALYZER_NONNULL = YES;
				CLANG_ANALYZER_NUMBER_OBJECT_CONVERSION = YES_AGGRESSIVE;
				CLANG_CXX_LANGUAGE_STANDARD = "gnu++17";
				CLANG_CXX_LIBRARY = "libc++";
				CLANG_ENABLE_MODULES = YES;
				CLANG_ENABLE_OBJC_ARC = YES;
				CLANG_ENABLE_OBJC_WEAK = YES;
				CLANG_WARN_BLOCK_CAPTURE_AUTORELEASING = YES;
				CLANG_WARN_BOOL_CONVERSION = YES;
				CLANG_WARN_COMMA = YES;
				CLANG_WARN_CONSTANT_CONVERSION = YES;
				CLANG_WARN_DEPRECATED_OBJC_IMPLEMENTATIONS = YES;
				CLANG_WARN_DIRECT_OBJC_ISA_USAGE = YES_ERROR;
				CLANG_WARN_DOCUMENTATION_COMMENTS = YES;
				CLANG_WARN_EMPTY_BODY = YES;
				CLANG_WARN_ENUM_CONVERSION = YES;
				CLANG_WARN_INFINITE_RECURSION = YES;
				CLANG_WARN_INT_CONVERSION = YES;
				CLANG_WARN_NON_LITERAL_NULL_CONVERSION = YES;
				CLANG_WARN_OBJC_IMPLICIT_RETAIN_SELF = YES;
				CLANG_WARN_OBJC_LITERAL_CONVERSION = YES;
				CLANG_WARN_OBJC_ROOT_CLASS = YES_ERROR;
				CLANG_WARN_QUOTED_INCLUDE_IN_FRAMEWORK_HEADER = YES;
				CLANG_WARN_RANGE_LOOP_ANALYSIS = YES;
				CLANG_WARN_STRICT_PROTOTYPES = YES;
				CLANG_WARN_SUSPICIOUS_MOVE = YES;
				CLANG_WARN_UNGUARDED_AVAILABILITY = YES_AGGRESSIVE;
				CLANG_WARN_UNREACHABLE_CODE = YES;
				CLANG_WARN__DUPLICATE_METHOD_MATCH = YES;
				COPY_PHASE_STRIP = NO;
				DEBUG_INFORMATION_FORMAT = "dwarf-with-dsym";
				ENABLE_NS_ASSERTIONS = NO;
				ENABLE_STRICT_OBJC_MSGSEND = YES;
				GCC_C_LANGUAGE_STANDARD = gnu11;
				GCC_NO_COMMON_BLOCKS = YES;
				GCC_WARN_64_TO_32_BIT_CONVERSION = YES;
				GCC_WARN_ABOUT_RETURN_TYPE = YES_ERROR;
				GCC_WARN_UNDECLARED_SELECTOR = YES;
				GCC_WARN_UNINITIALIZED_AUTOS = YES_AGGRESSIVE;
				GCC_WARN_UNUSED_FUNCTION = YES;
				GCC_WARN_UNUSED_VARIABLE = YES;
				IPHONEOS_DEPLOYMENT_TARGET = 15.0;
				MTL_ENABLE_DEBUG_INFO = NO;
				MTL_FAST_MATH = YES;
				SDKROOT = iphoneos;
				SWIFT_COMPILATION_MODE = wholemodule;
				SWIFT_OPTIMIZATION_LEVEL = "-O";
				VALIDATE_PRODUCT = YES;
			};
			name = Release;
		};
		C638467627048286005404A1 /* Debug */ = {
			isa = XCBuildConfiguration;
			baseConfigurationReference = BADD7C3AADD44E596E01AFF8 /* Pods-YOUP.debug.xcconfig */;
			buildSettings = {
				ASSETCATALOG_COMPILER_APPICON_NAME = AppIcon;
				ASSETCATALOG_COMPILER_GLOBAL_ACCENT_COLOR_NAME = AccentColor;
				CODE_SIGN_STYLE = Automatic;
				CURRENT_PROJECT_VERSION = 1;
				DEVELOPMENT_TEAM = 5QL6TNF9LL;
				GENERATE_INFOPLIST_FILE = YES;
				INFOPLIST_FILE = YOUP/Info.plist;
				INFOPLIST_KEY_UIApplicationSupportsIndirectInputEvents = YES;
				INFOPLIST_KEY_UILaunchStoryboardName = LaunchScreen;
				INFOPLIST_KEY_UIMainStoryboardFile = Main;
				INFOPLIST_KEY_UISupportedInterfaceOrientations_iPad = "UIInterfaceOrientationPortrait UIInterfaceOrientationPortraitUpsideDown UIInterfaceOrientationLandscapeLeft UIInterfaceOrientationLandscapeRight";
				INFOPLIST_KEY_UISupportedInterfaceOrientations_iPhone = "UIInterfaceOrientationPortrait UIInterfaceOrientationLandscapeLeft UIInterfaceOrientationLandscapeRight";
				LD_RUNPATH_SEARCH_PATHS = (
					"$(inherited)",
					"@executable_path/Frameworks",
				);
				MARKETING_VERSION = 1.0;
				PRODUCT_BUNDLE_IDENTIFIER = Miller.YOUP;
				PRODUCT_NAME = "$(TARGET_NAME)";
				SWIFT_EMIT_LOC_STRINGS = YES;
				SWIFT_VERSION = 5.0;
				TARGETED_DEVICE_FAMILY = "1,2";
			};
			name = Debug;
		};
		C638467727048286005404A1 /* Release */ = {
			isa = XCBuildConfiguration;
			baseConfigurationReference = FF1667452855E6933C30C4A7 /* Pods-YOUP.release.xcconfig */;
			buildSettings = {
				ASSETCATALOG_COMPILER_APPICON_NAME = AppIcon;
				ASSETCATALOG_COMPILER_GLOBAL_ACCENT_COLOR_NAME = AccentColor;
				CODE_SIGN_STYLE = Automatic;
				CURRENT_PROJECT_VERSION = 1;
				DEVELOPMENT_TEAM = 5QL6TNF9LL;
				GENERATE_INFOPLIST_FILE = YES;
				INFOPLIST_FILE = YOUP/Info.plist;
				INFOPLIST_KEY_UIApplicationSupportsIndirectInputEvents = YES;
				INFOPLIST_KEY_UILaunchStoryboardName = LaunchScreen;
				INFOPLIST_KEY_UIMainStoryboardFile = Main;
				INFOPLIST_KEY_UISupportedInterfaceOrientations_iPad = "UIInterfaceOrientationPortrait UIInterfaceOrientationPortraitUpsideDown UIInterfaceOrientationLandscapeLeft UIInterfaceOrientationLandscapeRight";
				INFOPLIST_KEY_UISupportedInterfaceOrientations_iPhone = "UIInterfaceOrientationPortrait UIInterfaceOrientationLandscapeLeft UIInterfaceOrientationLandscapeRight";
				LD_RUNPATH_SEARCH_PATHS = (
					"$(inherited)",
					"@executable_path/Frameworks",
				);
				MARKETING_VERSION = 1.0;
				PRODUCT_BUNDLE_IDENTIFIER = Miller.YOUP;
				PRODUCT_NAME = "$(TARGET_NAME)";
				SWIFT_EMIT_LOC_STRINGS = YES;
				SWIFT_VERSION = 5.0;
				TARGETED_DEVICE_FAMILY = "1,2";
			};
			name = Release;
		};
/* End XCBuildConfiguration section */

/* Begin XCConfigurationList section */
		C638465C27048285005404A1 /* Build configuration list for PBXProject "YOUP" */ = {
			isa = XCConfigurationList;
			buildConfigurations = (
				C638467327048286005404A1 /* Debug */,
				C638467427048286005404A1 /* Release */,
			);
			defaultConfigurationIsVisible = 0;
			defaultConfigurationName = Release;
		};
		C638467527048286005404A1 /* Build configuration list for PBXNativeTarget "YOUP" */ = {
			isa = XCConfigurationList;
			buildConfigurations = (
				C638467627048286005404A1 /* Debug */,
				C638467727048286005404A1 /* Release */,
			);
			defaultConfigurationIsVisible = 0;
			defaultConfigurationName = Release;
		};
/* End XCConfigurationList section */
	};
	rootObject = C638465927048285005404A1 /* Project object */;
}
